
Microsoft Visual Studio Solution File, Format Version 12.00
# Visual Studio Version 17
VisualStudioVersion = 17.3.32804.467
MinimumVisualStudioVersion = 10.0.40219.1
Project("{FAE04EC0-301F-11D3-BF4B-00C04F79EFBC}") = "WebApplication1", "WebApplication1\WebApplication1.csproj", "{C8036D3B-C0AE-49BF-95AD-483167091485}"
EndProject
Global
	GlobalSection(SolutionConfigurationPlatforms) = preSolution
		Debug|Any CPU = Debug|Any CPU
		Release|Any CPU = Release|Any CPU
	EndGlobalSection
	GlobalSection(ProjectConfigurationPlatforms) = postSolution
		{C8036D3B-C0AE-49BF-95AD-483167091485}.Debug|Any CPU.ActiveCfg = Debug|Any CPU
		{C8036D3B-C0AE-49BF-95AD-483167091485}.Debug|Any CPU.Build.0 = Debug|Any CPU
		{C8036D3B-C0AE-49BF-95AD-483167091485}.Release|Any CPU.ActiveCfg = Release|Any CPU
		{C8036D3B-C0AE-49BF-95AD-483167091485}.Release|Any CPU.Build.0 = Release|Any CPU
	EndGlobalSection
	GlobalSection(SolutionProperties) = preSolution
		HideSolutionNode = FALSE
	EndGlobalSection
	GlobalSection(ExtensibilityGlobals) = postSolution
		SolutionGuid = {8C635BBE-3D7D-42B4-AD5C-08A7E0D7FC47}
	EndGlobalSection
EndGlobal
